
Microsoft Visual Studio Solution File, Format Version 12.00
# Visual Studio Version 17
VisualStudioVersion = 17.13.35931.197 d17.13
MinimumVisualStudioVersion = 10.0.40219.1
Project("{FAE04EC0-301F-11D3-BF4B-00C04F79EFBC}") = "C44-G01-OOP01", "C44-G01-OOP01\C44-G01-OOP01.csproj", "{424FA55C-F694-40F3-85A3-3322A92A4DE4}"
EndProject
Global
	GlobalSection(SolutionConfigurationPlatforms) = preSolution
		Debug|Any CPU = Debug|Any CPU
		Release|Any CPU = Release|Any CPU
	EndGlobalSection
	GlobalSection(ProjectConfigurationPlatforms) = postSolution
		{424FA55C-F694-40F3-85A3-3322A92A4DE4}.Debug|Any CPU.ActiveCfg = Debug|Any CPU
		{424FA55C-F694-40F3-85A3-3322A92A4DE4}.Debug|Any CPU.Build.0 = Debug|Any CPU
		{424FA55C-F694-40F3-85A3-3322A92A4DE4}.Release|Any CPU.ActiveCfg = Release|Any CPU
		{424FA55C-F694-40F3-85A3-3322A92A4DE4}.Release|Any CPU.Build.0 = Release|Any CPU
	EndGlobalSection
	GlobalSection(SolutionProperties) = preSolution
		HideSolutionNode = FALSE
	EndGlobalSection
	GlobalSection(ExtensibilityGlobals) = postSolution
		SolutionGuid = {EBD71E1E-E280-4233-9397-DD9A787191D9}
	EndGlobalSection
EndGlobal
